
Microsoft Visual Studio Solution File, Format Version 12.00
# Visual Studio 15
VisualStudioVersion = 15.0.27130.2036
MinimumVisualStudioVersion = 10.0.40219.1
Project("{9A19103F-16F7-4668-BE54-9A1E7A4F7556}") = "MyBooks.Web", "MyBooks.Web\MyBooks.Web.csproj", "{010CC9AD-2F5E-4D0F-8EDF-EB0C13F0DA55}"
EndProject
Project("{2150E333-8FDC-42A3-9474-1A3956D46DE8}") = "Core", "Core", "{D8FCDDAE-8A04-4D6F-AAA5-B850DF20076A}"
EndProject
Project("{2150E333-8FDC-42A3-9474-1A3956D46DE8}") = "Reporting", "Reporting", "{1DD373C7-AD0E-443B-BC4A-0E9EDCA993D4}"
EndProject
Project("{9A19103F-16F7-4668-BE54-9A1E7A4F7556}") = "MyBooks.Core.Domain", "MyBooks.Core.Domain\MyBooks.Core.Domain.csproj", "{5EDDAFBF-2AFB-4C9A-B3A6-39239599C753}"
EndProject
Project("{9A19103F-16F7-4668-BE54-9A1E7A4F7556}") = "MyBooks.Core.Infrastructure", "MyBooks.Core.Infrastructure\MyBooks.Core.Infrastructure.csproj", "{6E0F82A2-FEF9-42CF-B1FD-C8805964FBBD}"
EndProject
Project("{9A19103F-16F7-4668-BE54-9A1E7A4F7556}") = "MyBooks.Core.Api", "MyBooks.Core.Api\MyBooks.Core.Api.csproj", "{43CB5198-0E36-43CA-9D83-FAFCFD5A7DFE}"
EndProject
Project("{9A19103F-16F7-4668-BE54-9A1E7A4F7556}") = "MyBooks.Reporting.Api", "MyBooks.Reporting.Api\MyBooks.Reporting.Api.csproj", "{FB09E013-0347-49F6-8A2C-CF042014D4FB}"
EndProject
Project("{2150E333-8FDC-42A3-9474-1A3956D46DE8}") = "src", "src", "{CCB32A41-6667-497A-B5F2-92223927F146}"
EndProject
Project("{2150E333-8FDC-42A3-9474-1A3956D46DE8}") = "tests", "tests", "{5BA3334D-F436-4268-9888-04C5703634AA}"
EndProject
Project("{9A19103F-16F7-4668-BE54-9A1E7A4F7556}") = "MyBooks.UnitTests", "MyBooks.UnitTests\MyBooks.UnitTests.csproj", "{8892C695-F930-4BC7-BC70-81C3CE28DF07}"
EndProject
Project("{FAE04EC0-301F-11D3-BF4B-00C04F79EFBC}") = "MyBooks.Core.App", "MyBooks.Core.App\MyBooks.Core.App.csproj", "{55381B73-002A-4C81-8E40-26195C5E4486}"
EndProject
Project("{2150E333-8FDC-42A3-9474-1A3956D46DE8}") = "Identity", "Identity", "{EB32C9E2-8919-4ED7-A794-D452BFC269AE}"
EndProject
Project("{FAE04EC0-301F-11D3-BF4B-00C04F79EFBC}") = "MyBooks.Identity.App", "MyBooks.Identity.App\MyBooks.Identity.App.csproj", "{ADDEDB8D-D66B-4912-8F31-ABED9DB9FD90}"
EndProject
Project("{FAE04EC0-301F-11D3-BF4B-00C04F79EFBC}") = "MyBooks.Identity.Infrastructure", "MyBooks.Identity.Infrastructure\MyBooks.Identity.Infrastructure.csproj", "{60CCF3A1-96DD-4A3E-B766-55ED4F61516E}"
EndProject
Global
	GlobalSection(SolutionConfigurationPlatforms) = preSolution
		Debug|Any CPU = Debug|Any CPU
		Release|Any CPU = Release|Any CPU
	EndGlobalSection
	GlobalSection(ProjectConfigurationPlatforms) = postSolution
		{010CC9AD-2F5E-4D0F-8EDF-EB0C13F0DA55}.Debug|Any CPU.ActiveCfg = Debug|Any CPU
		{010CC9AD-2F5E-4D0F-8EDF-EB0C13F0DA55}.Debug|Any CPU.Build.0 = Debug|Any CPU
		{010CC9AD-2F5E-4D0F-8EDF-EB0C13F0DA55}.Release|Any CPU.ActiveCfg = Release|Any CPU
		{010CC9AD-2F5E-4D0F-8EDF-EB0C13F0DA55}.Release|Any CPU.Build.0 = Release|Any CPU
		{5EDDAFBF-2AFB-4C9A-B3A6-39239599C753}.Debug|Any CPU.ActiveCfg = Debug|Any CPU
		{5EDDAFBF-2AFB-4C9A-B3A6-39239599C753}.Debug|Any CPU.Build.0 = Debug|Any CPU
		{5EDDAFBF-2AFB-4C9A-B3A6-39239599C753}.Release|Any CPU.ActiveCfg = Release|Any CPU
		{5EDDAFBF-2AFB-4C9A-B3A6-39239599C753}.Release|Any CPU.Build.0 = Release|Any CPU
		{6E0F82A2-FEF9-42CF-B1FD-C8805964FBBD}.Debug|Any CPU.ActiveCfg = Debug|Any CPU
		{6E0F82A2-FEF9-42CF-B1FD-C8805964FBBD}.Debug|Any CPU.Build.0 = Debug|Any CPU
		{6E0F82A2-FEF9-42CF-B1FD-C8805964FBBD}.Release|Any CPU.ActiveCfg = Release|Any CPU
		{6E0F82A2-FEF9-42CF-B1FD-C8805964FBBD}.Release|Any CPU.Build.0 = Release|Any CPU
		{43CB5198-0E36-43CA-9D83-FAFCFD5A7DFE}.Debug|Any CPU.ActiveCfg = Debug|Any CPU
		{43CB5198-0E36-43CA-9D83-FAFCFD5A7DFE}.Debug|Any CPU.Build.0 = Debug|Any CPU
		{43CB5198-0E36-43CA-9D83-FAFCFD5A7DFE}.Release|Any CPU.ActiveCfg = Release|Any CPU
		{43CB5198-0E36-43CA-9D83-FAFCFD5A7DFE}.Release|Any CPU.Build.0 = Release|Any CPU
		{FB09E013-0347-49F6-8A2C-CF042014D4FB}.Debug|Any CPU.ActiveCfg = Debug|Any CPU
		{FB09E013-0347-49F6-8A2C-CF042014D4FB}.Debug|Any CPU.Build.0 = Debug|Any CPU
		{FB09E013-0347-49F6-8A2C-CF042014D4FB}.Release|Any CPU.ActiveCfg = Release|Any CPU
		{FB09E013-0347-49F6-8A2C-CF042014D4FB}.Release|Any CPU.Build.0 = Release|Any CPU
		{8892C695-F930-4BC7-BC70-81C3CE28DF07}.Debug|Any CPU.ActiveCfg = Debug|Any CPU
		{8892C695-F930-4BC7-BC70-81C3CE28DF07}.Debug|Any CPU.Build.0 = Debug|Any CPU
		{8892C695-F930-4BC7-BC70-81C3CE28DF07}.Release|Any CPU.ActiveCfg = Release|Any CPU
		{8892C695-F930-4BC7-BC70-81C3CE28DF07}.Release|Any CPU.Build.0 = Release|Any CPU
		{55381B73-002A-4C81-8E40-26195C5E4486}.Debug|Any CPU.ActiveCfg = Debug|Any CPU
		{55381B73-002A-4C81-8E40-26195C5E4486}.Debug|Any CPU.Build.0 = Debug|Any CPU
		{55381B73-002A-4C81-8E40-26195C5E4486}.Release|Any CPU.ActiveCfg = Release|Any CPU
		{55381B73-002A-4C81-8E40-26195C5E4486}.Release|Any CPU.Build.0 = Release|Any CPU
		{ADDEDB8D-D66B-4912-8F31-ABED9DB9FD90}.Debug|Any CPU.ActiveCfg = Debug|Any CPU
		{ADDEDB8D-D66B-4912-8F31-ABED9DB9FD90}.Debug|Any CPU.Build.0 = Debug|Any CPU
		{ADDEDB8D-D66B-4912-8F31-ABED9DB9FD90}.Release|Any CPU.ActiveCfg = Release|Any CPU
		{ADDEDB8D-D66B-4912-8F31-ABED9DB9FD90}.Release|Any CPU.Build.0 = Release|Any CPU
		{60CCF3A1-96DD-4A3E-B766-55ED4F61516E}.Debug|Any CPU.ActiveCfg = Debug|Any CPU
		{60CCF3A1-96DD-4A3E-B766-55ED4F61516E}.Debug|Any CPU.Build.0 = Debug|Any CPU
		{60CCF3A1-96DD-4A3E-B766-55ED4F61516E}.Release|Any CPU.ActiveCfg = Release|Any CPU
		{60CCF3A1-96DD-4A3E-B766-55ED4F61516E}.Release|Any CPU.Build.0 = Release|Any CPU
	EndGlobalSection
	GlobalSection(SolutionProperties) = preSolution
		HideSolutionNode = FALSE
	EndGlobalSection
	GlobalSection(NestedProjects) = preSolution
		{010CC9AD-2F5E-4D0F-8EDF-EB0C13F0DA55} = {CCB32A41-6667-497A-B5F2-92223927F146}
		{D8FCDDAE-8A04-4D6F-AAA5-B850DF20076A} = {CCB32A41-6667-497A-B5F2-92223927F146}
		{1DD373C7-AD0E-443B-BC4A-0E9EDCA993D4} = {CCB32A41-6667-497A-B5F2-92223927F146}
		{5EDDAFBF-2AFB-4C9A-B3A6-39239599C753} = {D8FCDDAE-8A04-4D6F-AAA5-B850DF20076A}
		{6E0F82A2-FEF9-42CF-B1FD-C8805964FBBD} = {D8FCDDAE-8A04-4D6F-AAA5-B850DF20076A}
		{43CB5198-0E36-43CA-9D83-FAFCFD5A7DFE} = {D8FCDDAE-8A04-4D6F-AAA5-B850DF20076A}
		{FB09E013-0347-49F6-8A2C-CF042014D4FB} = {1DD373C7-AD0E-443B-BC4A-0E9EDCA993D4}
		{8892C695-F930-4BC7-BC70-81C3CE28DF07} = {5BA3334D-F436-4268-9888-04C5703634AA}
		{55381B73-002A-4C81-8E40-26195C5E4486} = {D8FCDDAE-8A04-4D6F-AAA5-B850DF20076A}
		{EB32C9E2-8919-4ED7-A794-D452BFC269AE} = {CCB32A41-6667-497A-B5F2-92223927F146}
		{ADDEDB8D-D66B-4912-8F31-ABED9DB9FD90} = {EB32C9E2-8919-4ED7-A794-D452BFC269AE}
		{60CCF3A1-96DD-4A3E-B766-55ED4F61516E} = {EB32C9E2-8919-4ED7-A794-D452BFC269AE}
	EndGlobalSection
	GlobalSection(ExtensibilityGlobals) = postSolution
		SolutionGuid = {6F22877B-49D1-481D-BAB7-D74A04F9ABB1}
	EndGlobalSection
EndGlobal
