
Microsoft Visual Studio Solution File, Format Version 12.00
# Visual Studio 15
VisualStudioVersion = 15.0.27130.2026
MinimumVisualStudioVersion = 10.0.40219.1
Project("{FAE04EC0-301F-11D3-BF4B-00C04F79EFBC}") = "StickerBoards.Web", "StickerBoards.Web\StickerBoards.Web.csproj", "{925FDE4F-7EAF-48A2-9B6F-F2A1A7506942}"
EndProject
Global
	GlobalSection(SolutionConfigurationPlatforms) = preSolution
		Debug|Any CPU = Debug|Any CPU
		Release|Any CPU = Release|Any CPU
	EndGlobalSection
	GlobalSection(ProjectConfigurationPlatforms) = postSolution
		{925FDE4F-7EAF-48A2-9B6F-F2A1A7506942}.Debug|Any CPU.ActiveCfg = Debug|Any CPU
		{925FDE4F-7EAF-48A2-9B6F-F2A1A7506942}.Debug|Any CPU.Build.0 = Debug|Any CPU
		{925FDE4F-7EAF-48A2-9B6F-F2A1A7506942}.Release|Any CPU.ActiveCfg = Release|Any CPU
		{925FDE4F-7EAF-48A2-9B6F-F2A1A7506942}.Release|Any CPU.Build.0 = Release|Any CPU
	EndGlobalSection
	GlobalSection(SolutionProperties) = preSolution
		HideSolutionNode = FALSE
	EndGlobalSection
	GlobalSection(ExtensibilityGlobals) = postSolution
		SolutionGuid = {A462EE4A-682E-4DA6-BB69-931C3FB85818}
	EndGlobalSection
EndGlobal
